PODS:
  - customer_io (0.0.1):
    - CustomerIOMessagingInApp (~> 1.2.6)
    - CustomerIOTracking (~> 1.2.6)
    - Flutter
  - CustomerIOCommon (1.2.6)
  - CustomerIOMessagingInApp (1.2.6):
    - CustomerIOTracking (= 1.2.6)
    - Gist (~> 2.2.1)
  - CustomerIOTracking (1.2.6):
    - CustomerIOCommon (= 1.2.6)
  - Flutter (1.0.0)
  - Gist (2.2.2)

DEPENDENCIES:
  - customer_io (from `.symlinks/plugins/customer_io/ios`)
  - Flutter (from `Flutter`)

SPEC REPOS:
  trunk:
    - CustomerIOCommon
    - CustomerIOMessagingInApp
    - CustomerIOTracking
    - Gist

EXTERNAL SOURCES:
  customer_io:
    :path: ".symlinks/plugins/customer_io/ios"
  Flutter:
    :path: Flutter

SPEC CHECKSUMS:
  customer_io: 1d87e347f5413fd849e9b185be08d3d0b4de16b8
  CustomerIOCommon: a427cf053f8effbaafc715c151342732c0f8d4b3
  CustomerIOMessagingInApp: 34505598985348b913d10cbdc9cdd288bff715b5
  CustomerIOTracking: 52a97a4d8f5adb789add4439f3e483907c6d475e
  Flutter: 50d75fe2f02b26cc09d224853bb45737f8b3214a
  Gist: 3269391440cbe3637db6733964dd53ea32a3ce56

PODFILE CHECKSUM: aafe91acc616949ddb318b77800a7f51bffa2a4c

COCOAPODS: 1.11.3
